{
  "name": "ajs-2",
  "version": "1.0.0",
  "lockfileVersion": 1,
  "requires": true,
  "dependencies": {
    "@niksel00/ajs": {
      "version": "1.0.0",
      "resolved": "https://npm.pkg.github.com/download/@niksel00/ajs/1.0.0/f75fd94d19bb9cdc8a57bfec018ac4d4d749614b864f7abec34040a800b25be2",
      "integrity": "sha512-BoFb6hGNjBw9sqBIHQwa/+oFhVsqC1yJewNzv40uOkntaHczX/jEfQD1ReJMlyZJIo1O6YiC/N77y3K6Wdk9BA=="
    }
  }
}
